
Microsoft Visual Studio Solution File, Format Version 12.00
# Visual Studio 15
VisualStudioVersion = 15.0.28010.2046
MinimumVisualStudioVersion = 10.0.40219.1
Project("{FAE04EC0-301F-11D3-BF4B-00C04F79EFBC}") = "Spcw.Utils", "Spcw.Utils\Spcw.Utils.csproj", "{6EF73C9C-2156-432F-A766-955AB882371B}"
EndProject
Project("{FAE04EC0-301F-11D3-BF4B-00C04F79EFBC}") = "MetaDbAppPoolManager", "MetaDbAppPoolManager\MetaDbAppPoolManager.csproj", "{AF3D0007-214E-4E32-81ED-54D7BF1E6750}"
EndProject
Global
	GlobalSection(SolutionConfigurationPlatforms) = preSolution
		Debug|Any CPU = Debug|Any CPU
		Release|Any CPU = Release|Any CPU
	EndGlobalSection
	GlobalSection(ProjectConfigurationPlatforms) = postSolution
		{6EF73C9C-2156-432F-A766-955AB882371B}.Debug|Any CPU.ActiveCfg = Debug|Any CPU
		{6EF73C9C-2156-432F-A766-955AB882371B}.Debug|Any CPU.Build.0 = Debug|Any CPU
		{6EF73C9C-2156-432F-A766-955AB882371B}.Release|Any CPU.ActiveCfg = Release|Any CPU
		{6EF73C9C-2156-432F-A766-955AB882371B}.Release|Any CPU.Build.0 = Release|Any CPU
		{AF3D0007-214E-4E32-81ED-54D7BF1E6750}.Debug|Any CPU.ActiveCfg = Debug|Any CPU
		{AF3D0007-214E-4E32-81ED-54D7BF1E6750}.Debug|Any CPU.Build.0 = Debug|Any CPU
		{AF3D0007-214E-4E32-81ED-54D7BF1E6750}.Release|Any CPU.ActiveCfg = Release|Any CPU
		{AF3D0007-214E-4E32-81ED-54D7BF1E6750}.Release|Any CPU.Build.0 = Release|Any CPU
	EndGlobalSection
	GlobalSection(SolutionProperties) = preSolution
		HideSolutionNode = FALSE
	EndGlobalSection
	GlobalSection(ExtensibilityGlobals) = postSolution
		SolutionGuid = {8032D135-2E4E-4430-997C-F40F758709FE}
	EndGlobalSection
EndGlobal
